
Microsoft Visual Studio Solution File, Format Version 12.00
# Visual Studio Version 17
VisualStudioVersion = 17.11.35327.3
MinimumVisualStudioVersion = 10.0.40219.1
Project("{9A19103F-16F7-4668-BE54-9A1E7A4F7556}") = "intersection-of-vectors", "intersection-of-vectors.csproj", "{42F57BA2-7ADD-40C6-BB2A-58F9D33C82BE}"
EndProject
Project("{9A19103F-16F7-4668-BE54-9A1E7A4F7556}") = "SegmentTest", "..\SegmentTest\SegmentTest.csproj", "{A744B55F-086C-4503-8CF2-3A1D4658D010}"
EndProject
Global
	GlobalSection(SolutionConfigurationPlatforms) = preSolution
		Debug|Any CPU = Debug|Any CPU
		Release|Any CPU = Release|Any CPU
	EndGlobalSection
	GlobalSection(ProjectConfigurationPlatforms) = postSolution
		{42F57BA2-7ADD-40C6-BB2A-58F9D33C82BE}.Debug|Any CPU.ActiveCfg = Debug|Any CPU
		{42F57BA2-7ADD-40C6-BB2A-58F9D33C82BE}.Debug|Any CPU.Build.0 = Debug|Any CPU
		{42F57BA2-7ADD-40C6-BB2A-58F9D33C82BE}.Release|Any CPU.ActiveCfg = Release|Any CPU
		{42F57BA2-7ADD-40C6-BB2A-58F9D33C82BE}.Release|Any CPU.Build.0 = Release|Any CPU
		{A744B55F-086C-4503-8CF2-3A1D4658D010}.Debug|Any CPU.ActiveCfg = Debug|Any CPU
		{A744B55F-086C-4503-8CF2-3A1D4658D010}.Debug|Any CPU.Build.0 = Debug|Any CPU
		{A744B55F-086C-4503-8CF2-3A1D4658D010}.Release|Any CPU.ActiveCfg = Release|Any CPU
		{A744B55F-086C-4503-8CF2-3A1D4658D010}.Release|Any CPU.Build.0 = Release|Any CPU
	EndGlobalSection
	GlobalSection(SolutionProperties) = preSolution
		HideSolutionNode = FALSE
	EndGlobalSection
	GlobalSection(ExtensibilityGlobals) = postSolution
		SolutionGuid = {43B07825-D2ED-4D97-9DD2-2C5484060300}
	EndGlobalSection
EndGlobal
